// !$*UTF8*$!
{
	archiveVersion = 1;
	classes = {
	};
	objectVersion = 55;
	objects = {

/* Begin PBXBuildFile section */
		B809A7CF29157919001CEEB7 /* MenuViewController.swift in Sources */ = {isa = PBXBuildFile; fileRef = B809A7CE29157919001CEEB7 /* MenuViewController.swift */; };
		B809A7D129157945001CEEB7 /* SettingsViewController.swift in Sources */ = {isa = PBXBuildFile; fileRef = B809A7D029157945001CEEB7 /* SettingsViewController.swift */; };
		B81CBD1929479B6C006B067F /* ApplicationState.swift in Sources */ = {isa = PBXBuildFile; fileRef = B81CBD1829479B6C006B067F /* ApplicationState.swift */; };
		B84CC04B292FA1B800A6FD6C /* ResultsModel.swift in Sources */ = {isa = PBXBuildFile; fileRef = B84CC04A292FA1B800A6FD6C /* ResultsModel.swift */; };
		B858C38E291D1EA900DC1559 /* Quiz.swift in Sources */ = {isa = PBXBuildFile; fileRef = B858C38D291D1EA900DC1559 /* Quiz.swift */; };
		B858C390291D2D3100DC1559 /* GameViewController.swift in Sources */ = {isa = PBXBuildFile; fileRef = B858C38F291D2D3100DC1559 /* GameViewController.swift */; };
		B858C396291D2EED00DC1559 /* QuizModel.swift in Sources */ = {isa = PBXBuildFile; fileRef = B858C395291D2EED00DC1559 /* QuizModel.swift */; };
		B8613166292E8073007C4953 /* ResultsViewController.swift in Sources */ = {isa = PBXBuildFile; fileRef = B8613165292E8073007C4953 /* ResultsViewController.swift */; };
		B88AB0002924F8BE0039DCF9 /* AlertViewController.swift in Sources */ = {isa = PBXBuildFile; fileRef = B88AAFFF2924F8BE0039DCF9 /* AlertViewController.swift */; };
		B8A23BE4291EDF9A009B2E6F /* AnswerCollectionViewCell.swift in Sources */ = {isa = PBXBuildFile; fileRef = B8A23BE3291EDF9A009B2E6F /* AnswerCollectionViewCell.swift */; };
		B8C45E53295F5F65003745A6 /* GameModeTableViewCell.swift in Sources */ = {isa = PBXBuildFile; fileRef = B8C45E52295F5F65003745A6 /* GameModeTableViewCell.swift */; };
		B8E2B18B2915754D001BFEF0 /* AppDelegate.swift in Sources */ = {isa = PBXBuildFile; fileRef = B8E2B18A2915754D001BFEF0 /* AppDelegate.swift */; };
		B8E2B18D2915754D001BFEF0 /* SceneDelegate.swift in Sources */ = {isa = PBXBuildFile; fileRef = B8E2B18C2915754D001BFEF0 /* SceneDelegate.swift */; };
		B8E2B18F2915754D001BFEF0 /* TabBarController.swift in Sources */ = {isa = PBXBuildFile; fileRef = B8E2B18E2915754D001BFEF0 /* TabBarController.swift */; };
		B8E2B1952915754D001BFEF0 /* States_Quiz.xcdatamodeld in Sources */ = {isa = PBXBuildFile; fileRef = B8E2B1932915754D001BFEF0 /* States_Quiz.xcdatamodeld */; };
		B8E2B1972915754D001BFEF0 /* Assets.xcassets in Resources */ = {isa = PBXBuildFile; fileRef = B8E2B1962915754D001BFEF0 /* Assets.xcassets */; };
		B8E2B19A2915754D001BFEF0 /* LaunchScreen.storyboard in Resources */ = {isa = PBXBuildFile; fileRef = B8E2B1982915754D001BFEF0 /* LaunchScreen.storyboard */; };
		B8F6F356293BD372008A322A /* ResultTableViewCell.swift in Sources */ = {isa = PBXBuildFile; fileRef = B8F6F355293BD372008A322A /* ResultTableViewCell.swift */; };
		B8F6F358293BD6D8008A322A /* Result+CoreDataClass.swift in Sources */ = {isa = PBXBuildFile; fileRef = B8F6F357293BD6D8008A322A /* Result+CoreDataClass.swift */; };
		F10D500521008A21C5538363 /* Pods_States_Quiz.framework in Frameworks */ = {isa = PBXBuildFile; fileRef = AF2289BAEADEE872093A7632 /* Pods_States_Quiz.framework */; };
/* End PBXBuildFile section */

/* Begin PBXFileReference section */
		6C014105D8FC43D820EBB8CA /* Pods-States Quiz.debug.xcconfig */ = {isa = PBXFileReference; includeInIndex = 1; lastKnownFileType = text.xcconfig; name = "Pods-States Quiz.debug.xcconfig"; path = "Target Support Files/Pods-States Quiz/Pods-States Quiz.debug.xcconfig"; sourceTree = "<group>"; };
		AF2289BAEADEE872093A7632 /* Pods_States_Quiz.framework */ = {isa = PBXFileReference; explicitFileType = wrapper.framework; includeInIndex = 0; path = Pods_States_Quiz.framework; sourceTree = BUILT_PRODUCTS_DIR; };
		B3030AFFA47300575DC9DEDA /* Pods-States Quiz.release.xcconfig */ = {isa = PBXFileReference; includeInIndex = 1; lastKnownFileType = text.xcconfig; name = "Pods-States Quiz.release.xcconfig"; path = "Target Support Files/Pods-States Quiz/Pods-States Quiz.release.xcconfig"; sourceTree = "<group>"; };
		B809A7CE29157919001CEEB7 /* MenuViewController.swift */ = {isa = PBXFileReference; lastKnownFileType = sourcecode.swift; path = MenuViewController.swift; sourceTree = "<group>"; };
		B809A7D029157945001CEEB7 /* SettingsViewController.swift */ = {isa = PBXFileReference; lastKnownFileType = sourcecode.swift; path = SettingsViewController.swift; sourceTree = "<group>"; };
		B81CBD1829479B6C006B067F /* ApplicationState.swift */ = {isa = PBXFileReference; lastKnownFileType = sourcecode.swift; path = ApplicationState.swift; sourceTree = "<group>"; };
		B84CC04A292FA1B800A6FD6C /* ResultsModel.swift */ = {isa = PBXFileReference; lastKnownFileType = sourcecode.swift; path = ResultsModel.swift; sourceTree = "<group>"; };
		B858C38D291D1EA900DC1559 /* Quiz.swift */ = {isa = PBXFileReference; lastKnownFileType = sourcecode.swift; path = Quiz.swift; sourceTree = "<group>"; };
		B858C38F291D2D3100DC1559 /* GameViewController.swift */ = {isa = PBXFileReference; lastKnownFileType = sourcecode.swift; path = GameViewController.swift; sourceTree = "<group>"; };
		B858C395291D2EED00DC1559 /* QuizModel.swift */ = {isa = PBXFileReference; lastKnownFileType = sourcecode.swift; path = QuizModel.swift; sourceTree = "<group>"; };
		B8613165292E8073007C4953 /* ResultsViewController.swift */ = {isa = PBXFileReference; lastKnownFileType = sourcecode.swift; path = ResultsViewController.swift; sourceTree = "<group>"; };
		B88AAFFF2924F8BE0039DCF9 /* AlertViewController.swift */ = {isa = PBXFileReference; lastKnownFileType = sourcecode.swift; path = AlertViewController.swift; sourceTree = "<group>"; };
		B8A23BE3291EDF9A009B2E6F /* AnswerCollectionViewCell.swift */ = {isa = PBXFileReference; lastKnownFileType = sourcecode.swift; path = AnswerCollectionViewCell.swift; sourceTree = "<group>"; };
		B8C45E52295F5F65003745A6 /* GameModeTableViewCell.swift */ = {isa = PBXFileReference; lastKnownFileType = sourcecode.swift; path = GameModeTableViewCell.swift; sourceTree = "<group>"; };
		B8E2B1872915754D001BFEF0 /* States Quiz.app */ = {isa = PBXFileReference; explicitFileType = wrapper.application; includeInIndex = 0; path = "States Quiz.app"; sourceTree = BUILT_PRODUCTS_DIR; };
		B8E2B18A2915754D001BFEF0 /* AppDelegate.swift */ = {isa = PBXFileReference; lastKnownFileType = sourcecode.swift; path = AppDelegate.swift; sourceTree = "<group>"; };
		B8E2B18C2915754D001BFEF0 /* SceneDelegate.swift */ = {isa = PBXFileReference; lastKnownFileType = sourcecode.swift; path = SceneDelegate.swift; sourceTree = "<group>"; };
		B8E2B18E2915754D001BFEF0 /* TabBarController.swift */ = {isa = PBXFileReference; lastKnownFileType = sourcecode.swift; path = TabBarController.swift; sourceTree = "<group>"; };
		B8E2B1942915754D001BFEF0 /* States_Quiz.xcdatamodel */ = {isa = PBXFileReference; lastKnownFileType = wrapper.xcdatamodel; path = States_Quiz.xcdatamodel; sourceTree = "<group>"; };
		B8E2B1962915754D001BFEF0 /* Assets.xcassets */ = {isa = PBXFileReference; lastKnownFileType = folder.assetcatalog; path = Assets.xcassets; sourceTree = "<group>"; };
		B8E2B1992915754D001BFEF0 /* Base */ = {isa = PBXFileReference; lastKnownFileType = file.storyboard; name = Base; path = Base.lproj/LaunchScreen.storyboard; sourceTree = "<group>"; };
		B8E2B19B2915754D001BFEF0 /* Info.plist */ = {isa = PBXFileReference; lastKnownFileType = text.plist.xml; path = Info.plist; sourceTree = "<group>"; };
		B8F6F355293BD372008A322A /* ResultTableViewCell.swift */ = {isa = PBXFileReference; lastKnownFileType = sourcecode.swift; path = ResultTableViewCell.swift; sourceTree = "<group>"; };
		B8F6F357293BD6D8008A322A /* Result+CoreDataClass.swift */ = {isa = PBXFileReference; lastKnownFileType = sourcecode.swift; name = "Result+CoreDataClass.swift"; path = "/Users/artemk/Apps/UIKit/States Quiz/States Quiz/ViewModels/Result+CoreDataClass.swift"; sourceTree = "<absolute>"; };
/* End PBXFileReference section */

/* Begin PBXFrameworksBuildPhase section */
		B8E2B1842915754D001BFEF0 /* Frameworks */ = {
			isa = PBXFrameworksBuildPhase;
			buildActionMask = 2147483647;
			files = (
				F10D500521008A21C5538363 /* Pods_States_Quiz.framework in Frameworks */,
			);
			runOnlyForDeploymentPostprocessing = 0;
		};
/* End PBXFrameworksBuildPhase section */

/* Begin PBXGroup section */
		49C972552A706688695DCEED /* Pods */ = {
			isa = PBXGroup;
			children = (
				6C014105D8FC43D820EBB8CA /* Pods-States Quiz.debug.xcconfig */,
				B3030AFFA47300575DC9DEDA /* Pods-States Quiz.release.xcconfig */,
			);
			path = Pods;
			sourceTree = "<group>";
		};
		B858C391291D2E8B00DC1559 /* Views */ = {
			isa = PBXGroup;
			children = (
				B8C45E52295F5F65003745A6 /* GameModeTableViewCell.swift */,
				B8A23BE3291EDF9A009B2E6F /* AnswerCollectionViewCell.swift */,
				B8F6F355293BD372008A322A /* ResultTableViewCell.swift */,
			);
			path = Views;
			sourceTree = "<group>";
		};
		B858C392291D2E9000DC1559 /* Models */ = {
			isa = PBXGroup;
			children = (
				B858C38D291D1EA900DC1559 /* Quiz.swift */,
			);
			path = Models;
			sourceTree = "<group>";
		};
		B858C393291D2EA500DC1559 /* ViewModels */ = {
			isa = PBXGroup;
			children = (
				B8F6F357293BD6D8008A322A /* Result+CoreDataClass.swift */,
				B81CBD1829479B6C006B067F /* ApplicationState.swift */,
				B858C395291D2EED00DC1559 /* QuizModel.swift */,
				B84CC04A292FA1B800A6FD6C /* ResultsModel.swift */,
			);
			path = ViewModels;
			sourceTree = "<group>";
		};
		B858C394291D2EAE00DC1559 /* ViewControllers */ = {
			isa = PBXGroup;
			children = (
				B8E2B18E2915754D001BFEF0 /* TabBarController.swift */,
				B809A7CE29157919001CEEB7 /* MenuViewController.swift */,
				B858C38F291D2D3100DC1559 /* GameViewController.swift */,
				B88AAFFF2924F8BE0039DCF9 /* AlertViewController.swift */,
				B809A7D029157945001CEEB7 /* SettingsViewController.swift */,
				B8613165292E8073007C4953 /* ResultsViewController.swift */,
			);
			path = ViewControllers;
			sourceTree = "<group>";
		};
		B8E2B17E2915754D001BFEF0 = {
			isa = PBXGroup;
			children = (
				B8E2B1892915754D001BFEF0 /* States Quiz */,
				B8E2B1882915754D001BFEF0 /* Products */,
				49C972552A706688695DCEED /* Pods */,
				ECEBB7A3B0C20F9573760559 /* Frameworks */,
			);
			sourceTree = "<group>";
		};
		B8E2B1882915754D001BFEF0 /* Products */ = {
			isa = PBXGroup;
			children = (
				B8E2B1872915754D001BFEF0 /* States Quiz.app */,
			);
			name = Products;
			sourceTree = "<group>";
		};
		B8E2B1892915754D001BFEF0 /* States Quiz */ = {
			isa = PBXGroup;
			children = (
				B8E2B18A2915754D001BFEF0 /* AppDelegate.swift */,
				B8E2B18C2915754D001BFEF0 /* SceneDelegate.swift */,
				B858C394291D2EAE00DC1559 /* ViewControllers */,
				B858C391291D2E8B00DC1559 /* Views */,
				B858C393291D2EA500DC1559 /* ViewModels */,
				B858C392291D2E9000DC1559 /* Models */,
				B8E2B1962915754D001BFEF0 /* Assets.xcassets */,
				B8E2B1982915754D001BFEF0 /* LaunchScreen.storyboard */,
				B8E2B19B2915754D001BFEF0 /* Info.plist */,
				B8E2B1932915754D001BFEF0 /* States_Quiz.xcdatamodeld */,
			);
			path = "States Quiz";
			sourceTree = "<group>";
		};
		ECEBB7A3B0C20F9573760559 /* Frameworks */ = {
			isa = PBXGroup;
			children = (
				AF2289BAEADEE872093A7632 /* Pods_States_Quiz.framework */,
			);
			name = Frameworks;
			sourceTree = "<group>";
		};
/* End PBXGroup section */

/* Begin PBXNativeTarget section */
		B8E2B1862915754D001BFEF0 /* States Quiz */ = {
			isa = PBXNativeTarget;
			buildConfigurationList = B8E2B19E2915754D001BFEF0 /* Build configuration list for PBXNativeTarget "States Quiz" */;
			buildPhases = (
				7914DB6E1A6632B3E6906E21 /* [CP] Check Pods Manifest.lock */,
				B8E2B1832915754D001BFEF0 /* Sources */,
				B8E2B1842915754D001BFEF0 /* Frameworks */,
				B8E2B1852915754D001BFEF0 /* Resources */,
				79017C26D3A8759BE2EAE083 /* [CP] Embed Pods Frameworks */,
			);
			buildRules = (
			);
			dependencies = (
			);
			name = "States Quiz";
			productName = "States Quiz";
			productReference = B8E2B1872915754D001BFEF0 /* States Quiz.app */;
			productType = "com.apple.product-type.application";
		};
/* End PBXNativeTarget section */

/* Begin PBXProject section */
		B8E2B17F2915754D001BFEF0 /* Project object */ = {
			isa = PBXProject;
			attributes = {
				BuildIndependentTargetsInParallel = 1;
				LastSwiftUpdateCheck = 1400;
				LastUpgradeCheck = 1400;
				TargetAttributes = {
					B8E2B1862915754D001BFEF0 = {
						CreatedOnToolsVersion = 14.0.1;
					};
				};
			};
			buildConfigurationList = B8E2B1822915754D001BFEF0 /* Build configuration list for PBXProject "States Quiz" */;
			compatibilityVersion = "Xcode 13.0";
			developmentRegion = en;
			hasScannedForEncodings = 0;
			knownRegions = (
				en,
				Base,
			);
			mainGroup = B8E2B17E2915754D001BFEF0;
			productRefGroup = B8E2B1882915754D001BFEF0 /* Products */;
			projectDirPath = "";
			projectRoot = "";
			targets = (
				B8E2B1862915754D001BFEF0 /* States Quiz */,
			);
		};
/* End PBXProject section */

/* Begin PBXResourcesBuildPhase section */
		B8E2B1852915754D001BFEF0 /* Resources */ = {
			isa = PBXResourcesBuildPhase;
			buildActionMask = 2147483647;
			files = (
				B8E2B19A2915754D001BFEF0 /* LaunchScreen.storyboard in Resources */,
				B8E2B1972915754D001BFEF0 /* Assets.xcassets in Resources */,
			);
			runOnlyForDeploymentPostprocessing = 0;
		};
/* End PBXResourcesBuildPhase section */

/* Begin PBXShellScriptBuildPhase section */
		79017C26D3A8759BE2EAE083 /* [CP] Embed Pods Frameworks */ = {
			isa = PBXShellScriptBuildPhase;
			buildActionMask = 2147483647;
			files = (
			);
			inputFileListPaths = (
				"${PODS_ROOT}/Target Support Files/Pods-States Quiz/Pods-States Quiz-frameworks-${CONFIGURATION}-input-files.xcfilelist",
			);
			name = "[CP] Embed Pods Frameworks";
			outputFileListPaths = (
				"${PODS_ROOT}/Target Support Files/Pods-States Quiz/Pods-States Quiz-frameworks-${CONFIGURATION}-output-files.xcfilelist",
			);
			runOnlyForDeploymentPostprocessing = 0;
			shellPath = /bin/sh;
			shellScript = "\"${PODS_ROOT}/Target Support Files/Pods-States Quiz/Pods-States Quiz-frameworks.sh\"\n";
			showEnvVarsInLog = 0;
		};
		7914DB6E1A6632B3E6906E21 /* [CP] Check Pods Manifest.lock */ = {
			isa = PBXShellScriptBuildPhase;
			buildActionMask = 2147483647;
			files = (
			);
			inputFileListPaths = (
			);
			inputPaths = (
				"${PODS_PODFILE_DIR_PATH}/Podfile.lock",
				"${PODS_ROOT}/Manifest.lock",
			);
			name = "[CP] Check Pods Manifest.lock";
			outputFileListPaths = (
			);
			outputPaths = (
				"$(DERIVED_FILE_DIR)/Pods-States Quiz-checkManifestLockResult.txt",
			);
			runOnlyForDeploymentPostprocessing = 0;
			shellPath = /bin/sh;
			shellScript = "diff \"${PODS_PODFILE_DIR_PATH}/Podfile.lock\" \"${PODS_ROOT}/Manifest.lock\" > /dev/null\nif [ $? != 0 ] ; then\n    # print error to STDERR\n    echo \"error: The sandbox is not in sync with the Podfile.lock. Run 'pod install' or update your CocoaPods installation.\" >&2\n    exit 1\nfi\n# This output is used by Xcode 'outputs' to avoid re-running this script phase.\necho \"SUCCESS\" > \"${SCRIPT_OUTPUT_FILE_0}\"\n";
			showEnvVarsInLog = 0;
		};
/* End PBXShellScriptBuildPhase section */

/* Begin PBXSourcesBuildPhase section */
		B8E2B1832915754D001BFEF0 /* Sources */ = {
			isa = PBXSourcesBuildPhase;
			buildActionMask = 2147483647;
			files = (
				B8A23BE4291EDF9A009B2E6F /* AnswerCollectionViewCell.swift in Sources */,
				B8613166292E8073007C4953 /* ResultsViewController.swift in Sources */,
				B8C45E53295F5F65003745A6 /* GameModeTableViewCell.swift in Sources */,
				B8E2B1952915754D001BFEF0 /* States_Quiz.xcdatamodeld in Sources */,
				B809A7CF29157919001CEEB7 /* MenuViewController.swift in Sources */,
				B8E2B18F2915754D001BFEF0 /* TabBarController.swift in Sources */,
				B8E2B18B2915754D001BFEF0 /* AppDelegate.swift in Sources */,
				B8F6F356293BD372008A322A /* ResultTableViewCell.swift in Sources */,
				B84CC04B292FA1B800A6FD6C /* ResultsModel.swift in Sources */,
				B8F6F358293BD6D8008A322A /* Result+CoreDataClass.swift in Sources */,
				B858C390291D2D3100DC1559 /* GameViewController.swift in Sources */,
				B8E2B18D2915754D001BFEF0 /* SceneDelegate.swift in Sources */,
				B88AB0002924F8BE0039DCF9 /* AlertViewController.swift in Sources */,
				B858C396291D2EED00DC1559 /* QuizModel.swift in Sources */,
				B858C38E291D1EA900DC1559 /* Quiz.swift in Sources */,
				B81CBD1929479B6C006B067F /* ApplicationState.swift in Sources */,
				B809A7D129157945001CEEB7 /* SettingsViewController.swift in Sources */,
			);
			runOnlyForDeploymentPostprocessing = 0;
		};
/* End PBXSourcesBuildPhase section */

/* Begin PBXVariantGroup section */
		B8E2B1982915754D001BFEF0 /* LaunchScreen.storyboard */ = {
			isa = PBXVariantGroup;
			children = (
				B8E2B1992915754D001BFEF0 /* Base */,
			);
			name = LaunchScreen.storyboard;
			sourceTree = "<group>";
		};
/* End PBXVariantGroup section */

/* Begin XCBuildConfiguration section */
		B8E2B19C2915754D001BFEF0 /* Debug */ = {
			isa = XCBuildConfiguration;
			buildSettings = {
				ALWAYS_SEARCH_USER_PATHS = NO;
				CLANG_ANALYZER_NONNULL = YES;
				CLANG_ANALYZER_NUMBER_OBJECT_CONVERSION = YES_AGGRESSIVE;
				CLANG_CXX_LANGUAGE_STANDARD = "gnu++20";
				CLANG_ENABLE_MODULES = YES;
				CLANG_ENABLE_OBJC_ARC = YES;
				CLANG_ENABLE_OBJC_WEAK = YES;
				CLANG_WARN_BLOCK_CAPTURE_AUTORELEASING = YES;
				CLANG_WARN_BOOL_CONVERSION = YES;
				CLANG_WARN_COMMA = YES;
				CLANG_WARN_CONSTANT_CONVERSION = YES;
				CLANG_WARN_DEPRECATED_OBJC_IMPLEMENTATIONS = YES;
				CLANG_WARN_DIRECT_OBJC_ISA_USAGE = YES_ERROR;
				CLANG_WARN_DOCUMENTATION_COMMENTS = YES;
				CLANG_WARN_EMPTY_BODY = YES;
				CLANG_WARN_ENUM_CONVERSION = YES;
				CLANG_WARN_INFINITE_RECURSION = YES;
				CLANG_WARN_INT_CONVERSION = YES;
				CLANG_WARN_NON_LITERAL_NULL_CONVERSION = YES;
				CLANG_WARN_OBJC_IMPLICIT_RETAIN_SELF = YES;
				CLANG_WARN_OBJC_LITERAL_CONVERSION = YES;
				CLANG_WARN_OBJC_ROOT_CLASS = YES_ERROR;
				CLANG_WARN_QUOTED_INCLUDE_IN_FRAMEWORK_HEADER = YES;
				CLANG_WARN_RANGE_LOOP_ANALYSIS = YES;
				CLANG_WARN_STRICT_PROTOTYPES = YES;
				CLANG_WARN_SUSPICIOUS_MOVE = YES;
				CLANG_WARN_UNGUARDED_AVAILABILITY = YES_AGGRESSIVE;
				CLANG_WARN_UNREACHABLE_CODE = YES;
				CLANG_WARN__DUPLICATE_METHOD_MATCH = YES;
				COPY_PHASE_STRIP = NO;
				DEBUG_INFORMATION_FORMAT = dwarf;
				ENABLE_STRICT_OBJC_MSGSEND = YES;
				ENABLE_TESTABILITY = YES;
				GCC_C_LANGUAGE_STANDARD = gnu11;
				GCC_DYNAMIC_NO_PIC = NO;
				GCC_NO_COMMON_BLOCKS = YES;
				GCC_OPTIMIZATION_LEVEL = 0;
				GCC_PREPROCESSOR_DEFINITIONS = (
					"DEBUG=1",
					"$(inherited)",
				);
				GCC_WARN_64_TO_32_BIT_CONVERSION = YES;
				GCC_WARN_ABOUT_RETURN_TYPE = YES_ERROR;
				GCC_WARN_UNDECLARED_SELECTOR = YES;
				GCC_WARN_UNINITIALIZED_AUTOS = YES_AGGRESSIVE;
				GCC_WARN_UNUSED_FUNCTION = YES;
				GCC_WARN_UNUSED_VARIABLE = YES;
				IPHONEOS_DEPLOYMENT_TARGET = 15.0;
				MTL_ENABLE_DEBUG_INFO = INCLUDE_SOURCE;
				MTL_FAST_MATH = YES;
				ONLY_ACTIVE_ARCH = YES;
				SDKROOT = iphoneos;
				SWIFT_ACTIVE_COMPILATION_CONDITIONS = DEBUG;
				SWIFT_OPTIMIZATION_LEVEL = "-Onone";
			};
			name = Debug;
		};
		B8E2B19D2915754D001BFEF0 /* Release */ = {
			isa = XCBuildConfiguration;
			buildSettings = {
				ALWAYS_SEARCH_USER_PATHS = NO;
				CLANG_ANALYZER_NONNULL = YES;
				CLANG_ANALYZER_NUMBER_OBJECT_CONVERSION = YES_AGGRESSIVE;
				CLANG_CXX_LANGUAGE_STANDARD = "gnu++20";
				CLANG_ENABLE_MODULES = YES;
				CLANG_ENABLE_OBJC_ARC = YES;
				CLANG_ENABLE_OBJC_WEAK = YES;
				CLANG_WARN_BLOCK_CAPTURE_AUTORELEASING = YES;
				CLANG_WARN_BOOL_CONVERSION = YES;
				CLANG_WARN_COMMA = YES;
				CLANG_WARN_CONSTANT_CONVERSION = YES;
				CLANG_WARN_DEPRECATED_OBJC_IMPLEMENTATIONS = YES;
				CLANG_WARN_DIRECT_OBJC_ISA_USAGE = YES_ERROR;
				CLANG_WARN_DOCUMENTATION_COMMENTS = YES;
				CLANG_WARN_EMPTY_BODY = YES;
				CLANG_WARN_ENUM_CONVERSION = YES;
				CLANG_WARN_INFINITE_RECURSION = YES;
				CLANG_WARN_INT_CONVERSION = YES;
				CLANG_WARN_NON_LITERAL_NULL_CONVERSION = YES;
				CLANG_WARN_OBJC_IMPLICIT_RETAIN_SELF = YES;
				CLANG_WARN_OBJC_LITERAL_CONVERSION = YES;
				CLANG_WARN_OBJC_ROOT_CLASS = YES_ERROR;
				CLANG_WARN_QUOTED_INCLUDE_IN_FRAMEWORK_HEADER = YES;
				CLANG_WARN_RANGE_LOOP_ANALYSIS = YES;
				CLANG_WARN_STRICT_PROTOTYPES = YES;
				CLANG_WARN_SUSPICIOUS_MOVE = YES;
				CLANG_WARN_UNGUARDED_AVAILABILITY = YES_AGGRESSIVE;
				CLANG_WARN_UNREACHABLE_CODE = YES;
				CLANG_WARN__DUPLICATE_METHOD_MATCH = YES;
				COPY_PHASE_STRIP = NO;
				DEBUG_INFORMATION_FORMAT = "dwarf-with-dsym";
				ENABLE_NS_ASSERTIONS = NO;
				ENABLE_STRICT_OBJC_MSGSEND = YES;
				GCC_C_LANGUAGE_STANDARD = gnu11;
				GCC_NO_COMMON_BLOCKS = YES;
				GCC_WARN_64_TO_32_BIT_CONVERSION = YES;
				GCC_WARN_ABOUT_RETURN_TYPE = YES_ERROR;
				GCC_WARN_UNDECLARED_SELECTOR = YES;
				GCC_WARN_UNINITIALIZED_AUTOS = YES_AGGRESSIVE;
				GCC_WARN_UNUSED_FUNCTION = YES;
				GCC_WARN_UNUSED_VARIABLE = YES;
				IPHONEOS_DEPLOYMENT_TARGET = 15.0;
				MTL_ENABLE_DEBUG_INFO = NO;
				MTL_FAST_MATH = YES;
				SDKROOT = iphoneos;
				SWIFT_COMPILATION_MODE = wholemodule;
				SWIFT_OPTIMIZATION_LEVEL = "-O";
				VALIDATE_PRODUCT = YES;
			};
			name = Release;
		};
		B8E2B19F2915754D001BFEF0 /* Debug */ = {
			isa = XCBuildConfiguration;
			baseConfigurationReference = 6C014105D8FC43D820EBB8CA /* Pods-States Quiz.debug.xcconfig */;
			buildSettings = {
				ASSETCATALOG_COMPILER_APPICON_NAME = AppIcon;
				ASSETCATALOG_COMPILER_GLOBAL_ACCENT_COLOR_NAME = AccentColor;
				CODE_SIGN_STYLE = Automatic;
				CURRENT_PROJECT_VERSION = 1;
				DEVELOPMENT_TEAM = G77J479352;
				GENERATE_INFOPLIST_FILE = YES;
				INFOPLIST_FILE = "States Quiz/Info.plist";
				INFOPLIST_KEY_UIApplicationSupportsIndirectInputEvents = YES;
				INFOPLIST_KEY_UILaunchStoryboardName = LaunchScreen;
				INFOPLIST_KEY_UISupportedInterfaceOrientations_iPad = "UIInterfaceOrientationPortrait UIInterfaceOrientationPortraitUpsideDown UIInterfaceOrientationLandscapeLeft UIInterfaceOrientationLandscapeRight";
				INFOPLIST_KEY_UISupportedInterfaceOrientations_iPhone = "UIInterfaceOrientationPortrait UIInterfaceOrientationLandscapeLeft UIInterfaceOrientationLandscapeRight";
				LD_RUNPATH_SEARCH_PATHS = (
					"$(inherited)",
					"@executable_path/Frameworks",
				);
				MARKETING_VERSION = 1.0;
				PRODUCT_BUNDLE_IDENTIFIER = "com.artkurbatov.States-Quiz";
				PRODUCT_NAME = "$(TARGET_NAME)";
				SWIFT_EMIT_LOC_STRINGS = YES;
				SWIFT_VERSION = 5.0;
				TARGETED_DEVICE_FAMILY = "1,2";
			};
			name = Debug;
		};
		B8E2B1A02915754D001BFEF0 /* Release */ = {
			isa = XCBuildConfiguration;
			baseConfigurationReference = B3030AFFA47300575DC9DEDA /* Pods-States Quiz.release.xcconfig */;
			buildSettings = {
				ASSETCATALOG_COMPILER_APPICON_NAME = AppIcon;
				ASSETCATALOG_COMPILER_GLOBAL_ACCENT_COLOR_NAME = AccentColor;
				CODE_SIGN_STYLE = Automatic;
				CURRENT_PROJECT_VERSION = 1;
				DEVELOPMENT_TEAM = G77J479352;
				GENERATE_INFOPLIST_FILE = YES;
				INFOPLIST_FILE = "States Quiz/Info.plist";
				INFOPLIST_KEY_UIApplicationSupportsIndirectInputEvents = YES;
				INFOPLIST_KEY_UILaunchStoryboardName = LaunchScreen;
				INFOPLIST_KEY_UISupportedInterfaceOrientations_iPad = "UIInterfaceOrientationPortrait UIInterfaceOrientationPortraitUpsideDown UIInterfaceOrientationLandscapeLeft UIInterfaceOrientationLandscapeRight";
				INFOPLIST_KEY_UISupportedInterfaceOrientations_iPhone = "UIInterfaceOrientationPortrait UIInterfaceOrientationLandscapeLeft UIInterfaceOrientationLandscapeRight";
				LD_RUNPATH_SEARCH_PATHS = (
					"$(inherited)",
					"@executable_path/Frameworks",
				);
				MARKETING_VERSION = 1.0;
				PRODUCT_BUNDLE_IDENTIFIER = "com.artkurbatov.States-Quiz";
				PRODUCT_NAME = "$(TARGET_NAME)";
				SWIFT_EMIT_LOC_STRINGS = YES;
				SWIFT_VERSION = 5.0;
				TARGETED_DEVICE_FAMILY = "1,2";
			};
			name = Release;
		};
/* End XCBuildConfiguration section */

/* Begin XCConfigurationList section */
		B8E2B1822915754D001BFEF0 /* Build configuration list for PBXProject "States Quiz" */ = {
			isa = XCConfigurationList;
			buildConfigurations = (
				B8E2B19C2915754D001BFEF0 /* Debug */,
				B8E2B19D2915754D001BFEF0 /* Release */,
			);
			defaultConfigurationIsVisible = 0;
			defaultConfigurationName = Release;
		};
		B8E2B19E2915754D001BFEF0 /* Build configuration list for PBXNativeTarget "States Quiz" */ = {
			isa = XCConfigurationList;
			buildConfigurations = (
				B8E2B19F2915754D001BFEF0 /* Debug */,
				B8E2B1A02915754D001BFEF0 /* Release */,
			);
			defaultConfigurationIsVisible = 0;
			defaultConfigurationName = Release;
		};
/* End XCConfigurationList section */

/* Begin XCVersionGroup section */
		B8E2B1932915754D001BFEF0 /* States_Quiz.xcdatamodeld */ = {
			isa = XCVersionGroup;
			children = (
				B8E2B1942915754D001BFEF0 /* States_Quiz.xcdatamodel */,
			);
			currentVersion = B8E2B1942915754D001BFEF0 /* States_Quiz.xcdatamodel */;
			path = States_Quiz.xcdatamodeld;
			sourceTree = "<group>";
			versionGroupType = wrapper.xcdatamodel;
		};
/* End XCVersionGroup section */
	};
	rootObject = B8E2B17F2915754D001BFEF0 /* Project object */;
}
